<Solution>
  <Folder Name="/Solution items/">
    <File Path=".continue/rules/net-maui.md" />
    <File Path=".github/copilot-instructions.md" />
    <File Path="AGENTS.md" />
    <File Path="README.md" />
  </Folder>
  <Project Path="src/Imapster.HtmlRendering.Tests/Imapster.HtmlRendering.Tests.csproj" />
  <Project Path="src/Imapster.HtmlRendering/Imapster.HtmlRendering.csproj" />
  <Project Path="src/Imapster/Imapster.csproj" />
</Solution>
